
Microsoft Visual Studio Solution File, Format Version 12.00
# Visual Studio 14
VisualStudioVersion = 14.0.25420.1
MinimumVisualStudioVersion = 10.0.40219.1
Project("{2150E333-8FDC-42A3-9474-1A3956D46DE8}") = "01 - Presentation", "01 - Presentation", "{7163AD96-162C-4EB7-B6E8-18589970F31A}"
EndProject
Project("{2150E333-8FDC-42A3-9474-1A3956D46DE8}") = "02 - Distributed Services", "02 - Distributed Services", "{8DBDC9F0-19A0-4278-B8C7-E53B480CB390}"
EndProject
Project("{2150E333-8FDC-42A3-9474-1A3956D46DE8}") = "01 - WebApi", "01 - WebApi", "{21D2EA43-9265-46D2-AFEA-6676E3138CBF}"
EndProject
Project("{2150E333-8FDC-42A3-9474-1A3956D46DE8}") = "02 - Application", "02 - Application", "{F2765568-1E81-4400-B650-436B9A9CFFF5}"
EndProject
Project("{2150E333-8FDC-42A3-9474-1A3956D46DE8}") = "04 - Domain", "04 - Domain", "{C19BFDE1-AA72-4F87-9265-25100ADAD1B2}"
EndProject
Project("{2150E333-8FDC-42A3-9474-1A3956D46DE8}") = "05 - Infrastructure", "05 - Infrastructure", "{8F145F7E-9E5B-4AEB-B7AE-6D1C268BE84D}"
EndProject
Project("{2150E333-8FDC-42A3-9474-1A3956D46DE8}") = "01 - Admin", "01 - Admin", "{C349BF76-F55D-4561-AA80-8DC64EA699C7}"
EndProject
Project("{FAE04EC0-301F-11D3-BF4B-00C04F79EFBC}") = "mContent.Domain", "mContent.Domain\mContent.Domain.csproj", "{AA0BC758-6F26-459C-B080-15D4F6A1C8A4}"
EndProject
Project("{FAE04EC0-301F-11D3-BF4B-00C04F79EFBC}") = "mContent.Infra.Data", "mContent.Infra\mContent.Infra.Data.csproj", "{15BB283A-CE26-429E-8D86-EADCD65CBEC9}"
EndProject
Project("{2150E333-8FDC-42A3-9474-1A3956D46DE8}") = "5.1 - CrossCutting", "5.1 - CrossCutting", "{E885396C-B3D3-4DD7-B2F2-04FA404F425F}"
EndProject
Project("{2150E333-8FDC-42A3-9474-1A3956D46DE8}") = "5.2 - Data", "5.2 - Data", "{918EF7DC-F657-483A-B863-C8470B002CDB}"
EndProject
Project("{FAE04EC0-301F-11D3-BF4B-00C04F79EFBC}") = "mContent.Api", "mContent.Api\mContent.Api.csproj", "{48461DA8-61E9-4850-BC0C-B45D03EEF761}"
EndProject
Global
	GlobalSection(SolutionConfigurationPlatforms) = preSolution
		Debug|Any CPU = Debug|Any CPU
		Release|Any CPU = Release|Any CPU
	EndGlobalSection
	GlobalSection(ProjectConfigurationPlatforms) = postSolution
		{AA0BC758-6F26-459C-B080-15D4F6A1C8A4}.Debug|Any CPU.ActiveCfg = Debug|Any CPU
		{AA0BC758-6F26-459C-B080-15D4F6A1C8A4}.Debug|Any CPU.Build.0 = Debug|Any CPU
		{AA0BC758-6F26-459C-B080-15D4F6A1C8A4}.Release|Any CPU.ActiveCfg = Release|Any CPU
		{AA0BC758-6F26-459C-B080-15D4F6A1C8A4}.Release|Any CPU.Build.0 = Release|Any CPU
		{15BB283A-CE26-429E-8D86-EADCD65CBEC9}.Debug|Any CPU.ActiveCfg = Debug|Any CPU
		{15BB283A-CE26-429E-8D86-EADCD65CBEC9}.Debug|Any CPU.Build.0 = Debug|Any CPU
		{15BB283A-CE26-429E-8D86-EADCD65CBEC9}.Release|Any CPU.ActiveCfg = Release|Any CPU
		{15BB283A-CE26-429E-8D86-EADCD65CBEC9}.Release|Any CPU.Build.0 = Release|Any CPU
		{48461DA8-61E9-4850-BC0C-B45D03EEF761}.Debug|Any CPU.ActiveCfg = Debug|Any CPU
		{48461DA8-61E9-4850-BC0C-B45D03EEF761}.Debug|Any CPU.Build.0 = Debug|Any CPU
		{48461DA8-61E9-4850-BC0C-B45D03EEF761}.Release|Any CPU.ActiveCfg = Release|Any CPU
		{48461DA8-61E9-4850-BC0C-B45D03EEF761}.Release|Any CPU.Build.0 = Release|Any CPU
	EndGlobalSection
	GlobalSection(SolutionProperties) = preSolution
		HideSolutionNode = FALSE
	EndGlobalSection
	GlobalSection(NestedProjects) = preSolution
		{21D2EA43-9265-46D2-AFEA-6676E3138CBF} = {8DBDC9F0-19A0-4278-B8C7-E53B480CB390}
		{F2765568-1E81-4400-B650-436B9A9CFFF5} = {8DBDC9F0-19A0-4278-B8C7-E53B480CB390}
		{C19BFDE1-AA72-4F87-9265-25100ADAD1B2} = {8DBDC9F0-19A0-4278-B8C7-E53B480CB390}
		{8F145F7E-9E5B-4AEB-B7AE-6D1C268BE84D} = {8DBDC9F0-19A0-4278-B8C7-E53B480CB390}
		{C349BF76-F55D-4561-AA80-8DC64EA699C7} = {7163AD96-162C-4EB7-B6E8-18589970F31A}
		{AA0BC758-6F26-459C-B080-15D4F6A1C8A4} = {C19BFDE1-AA72-4F87-9265-25100ADAD1B2}
		{15BB283A-CE26-429E-8D86-EADCD65CBEC9} = {918EF7DC-F657-483A-B863-C8470B002CDB}
		{E885396C-B3D3-4DD7-B2F2-04FA404F425F} = {8F145F7E-9E5B-4AEB-B7AE-6D1C268BE84D}
		{918EF7DC-F657-483A-B863-C8470B002CDB} = {8F145F7E-9E5B-4AEB-B7AE-6D1C268BE84D}
		{48461DA8-61E9-4850-BC0C-B45D03EEF761} = {21D2EA43-9265-46D2-AFEA-6676E3138CBF}
	EndGlobalSection
EndGlobal
